
Microsoft Visual Studio Solution File, Format Version 12.00
# Visual Studio Version 17
VisualStudioVersion = 17.10.35004.147
MinimumVisualStudioVersion = 10.0.40219.1
Project("{FAE04EC0-301F-11D3-BF4B-00C04F79EFBC}") = "HAR-DATA Convertor", "HAR-DATA Convertor.csproj", "{C020B2BF-478F-4A54-A4E3-9447922D7564}"
EndProject
Global
	GlobalSection(SolutionConfigurationPlatforms) = preSolution
		Debug|Any CPU = Debug|Any CPU
		Release|Any CPU = Release|Any CPU
	EndGlobalSection
	GlobalSection(ProjectConfigurationPlatforms) = postSolution
		{C020B2BF-478F-4A54-A4E3-9447922D7564}.Debug|Any CPU.ActiveCfg = Debug|Any CPU
		{C020B2BF-478F-4A54-A4E3-9447922D7564}.Debug|Any CPU.Build.0 = Debug|Any CPU
		{C020B2BF-478F-4A54-A4E3-9447922D7564}.Release|Any CPU.ActiveCfg = Release|Any CPU
		{C020B2BF-478F-4A54-A4E3-9447922D7564}.Release|Any CPU.Build.0 = Release|Any CPU
	EndGlobalSection
	GlobalSection(SolutionProperties) = preSolution
		HideSolutionNode = FALSE
	EndGlobalSection
	GlobalSection(ExtensibilityGlobals) = postSolution
		SolutionGuid = {39FD60D2-B9FB-4DED-BA88-4D64725A6891}
	EndGlobalSection
EndGlobal
